// !$*UTF8*$!
{
	archiveVersion = 1;
	classes = {
	};
	objectVersion = 50;
	objects = {

/* Begin PBXBuildFile section */
		733B90E0BF730974077FBE08 /* libPods-LYHeadNews.a in Frameworks */ = {isa = PBXBuildFile; fileRef = 94C27866684A3430F7B602B0 /* libPods-LYHeadNews.a */; };
		C643ECB421967A1B007C060D /* UITabBar+Badge.m in Sources */ = {isa = PBXBuildFile; fileRef = C643ECB221967A1A007C060D /* UITabBar+Badge.m */; };
		C643ECB72196D873007C060D /* MelonVideoViewController.m in Sources */ = {isa = PBXBuildFile; fileRef = C643ECB62196D873007C060D /* MelonVideoViewController.m */; };
		C643ECBD2196E35A007C060D /* UIView+Animation.m in Sources */ = {isa = PBXBuildFile; fileRef = C643ECBC2196E35A007C060D /* UIView+Animation.m */; };
		C65759DC219180F200F59542 /* AppDelegate.m in Sources */ = {isa = PBXBuildFile; fileRef = C65759DB219180F200F59542 /* AppDelegate.m */; };
		C65759E4219180F900F59542 /* Assets.xcassets in Resources */ = {isa = PBXBuildFile; fileRef = C65759E3219180F900F59542 /* Assets.xcassets */; };
		C65759E7219180F900F59542 /* LaunchScreen.storyboard in Resources */ = {isa = PBXBuildFile; fileRef = C65759E5219180F900F59542 /* LaunchScreen.storyboard */; };
		C65759EA219180F900F59542 /* main.m in Sources */ = {isa = PBXBuildFile; fileRef = C65759E9219180F900F59542 /* main.m */; };
		C65759F4219199D100F59542 /* AppDelegate+RootController.m in Sources */ = {isa = PBXBuildFile; fileRef = C65759F2219199D100F59542 /* AppDelegate+RootController.m */; };
		C683DD4C219BC22F003BB087 /* SecondViewController.m in Sources */ = {isa = PBXBuildFile; fileRef = C683DD4B219BC22F003BB087 /* SecondViewController.m */; };
		C683DD50219C1E33003BB087 /* back_white@2x.png in Resources */ = {isa = PBXBuildFile; fileRef = C683DD4E219C1E33003BB087 /* back_white@2x.png */; };
		C683DD51219C1E33003BB087 /* back_white@3x.png in Resources */ = {isa = PBXBuildFile; fileRef = C683DD4F219C1E33003BB087 /* back_white@3x.png */; };
		C683DD54219C1E3F003BB087 /* back_gray@2x.png in Resources */ = {isa = PBXBuildFile; fileRef = C683DD52219C1E3F003BB087 /* back_gray@2x.png */; };
		C683DD55219C1E3F003BB087 /* back_gray@3x.png in Resources */ = {isa = PBXBuildFile; fileRef = C683DD53219C1E3F003BB087 /* back_gray@3x.png */; };
		C683DD58219C1E45003BB087 /* back_black@3x.png in Resources */ = {isa = PBXBuildFile; fileRef = C683DD56219C1E45003BB087 /* back_black@3x.png */; };
		C683DD59219C1E45003BB087 /* back_black@2x.png in Resources */ = {isa = PBXBuildFile; fileRef = C683DD57219C1E45003BB087 /* back_black@2x.png */; };
		C683DD5C219C2888003BB087 /* ThirdViewController.m in Sources */ = {isa = PBXBuildFile; fileRef = C683DD5B219C2888003BB087 /* ThirdViewController.m */; };
		C68FDA032192D12A00C90521 /* NSString+Valid.m in Sources */ = {isa = PBXBuildFile; fileRef = C68FD9F82192D12A00C90521 /* NSString+Valid.m */; };
		C68FDA042192D12A00C90521 /* Tools.m in Sources */ = {isa = PBXBuildFile; fileRef = C68FD9FB2192D12A00C90521 /* Tools.m */; };
		C68FDA052192D12A00C90521 /* UIView+LYExtension.m in Sources */ = {isa = PBXBuildFile; fileRef = C68FD9FD2192D12A00C90521 /* UIView+LYExtension.m */; };
		C68FDA062192D12A00C90521 /* NSDateFormatter+Category.m in Sources */ = {isa = PBXBuildFile; fileRef = C68FDA002192D12A00C90521 /* NSDateFormatter+Category.m */; };
		C6D16DDC21942745005C3F68 /* BaseTabBarController.m in Sources */ = {isa = PBXBuildFile; fileRef = C6D16DDB21942745005C3F68 /* BaseTabBarController.m */; };
		C6D16DE421942A3F005C3F68 /* BaseNavigationController.m in Sources */ = {isa = PBXBuildFile; fileRef = C6D16DE321942A3F005C3F68 /* BaseNavigationController.m */; };
		C6D16DE721942A44005C3F68 /* BaseViewController.m in Sources */ = {isa = PBXBuildFile; fileRef = C6D16DE621942A44005C3F68 /* BaseViewController.m */; };
		C6D16DEA21942AAC005C3F68 /* HomeViewController.m in Sources */ = {isa = PBXBuildFile; fileRef = C6D16DE921942AAC005C3F68 /* HomeViewController.m */; };
		C6D16DF021942BD1005C3F68 /* HeadNewsViewController.m in Sources */ = {isa = PBXBuildFile; fileRef = C6D16DEF21942BD1005C3F68 /* HeadNewsViewController.m */; };
		C6D16DF3219433D1005C3F68 /* LittleVideoViewController.m in Sources */ = {isa = PBXBuildFile; fileRef = C6D16DF2219433D1005C3F68 /* LittleVideoViewController.m */; };
		C6D9578D219571EF009E2B0D /* home_tabbar_night@2x.png in Resources */ = {isa = PBXBuildFile; fileRef = C6D9575F219571EF009E2B0D /* home_tabbar_night@2x.png */; };
		C6D9578E219571EF009E2B0D /* weitoutiao_tabbar@3x.png in Resources */ = {isa = PBXBuildFile; fileRef = C6D95760219571EF009E2B0D /* weitoutiao_tabbar@3x.png */; };
		C6D9578F219571EF009E2B0D /* mine_tabbar@2x.png in Resources */ = {isa = PBXBuildFile; fileRef = C6D95761219571EF009E2B0D /* mine_tabbar@2x.png */; };
		C6D95790219571EF009E2B0D /* home_tabbar_press@3x.png in Resources */ = {isa = PBXBuildFile; fileRef = C6D95762219571EF009E2B0D /* home_tabbar_press@3x.png */; };
		C6D95791219571EF009E2B0D /* huoshan_tabbar_press@3x.png in Resources */ = {isa = PBXBuildFile; fileRef = C6D95763219571EF009E2B0D /* huoshan_tabbar_press@3x.png */; };
		C6D95792219571EF009E2B0D /* huoshan_tabbar@2x.png in Resources */ = {isa = PBXBuildFile; fileRef = C6D95764219571EF009E2B0D /* huoshan_tabbar@2x.png */; };
		C6D95793219571EF009E2B0D /* huoshan_tabbar@3x.png in Resources */ = {isa = PBXBuildFile; fileRef = C6D95765219571EF009E2B0D /* huoshan_tabbar@3x.png */; };
		C6D95794219571EF009E2B0D /* huoshan_tabbar_press@2x.png in Resources */ = {isa = PBXBuildFile; fileRef = C6D95766219571EF009E2B0D /* huoshan_tabbar_press@2x.png */; };
		C6D95795219571EF009E2B0D /* home_tabbar_press@2x.png in Resources */ = {isa = PBXBuildFile; fileRef = C6D95767219571EF009E2B0D /* home_tabbar_press@2x.png */; };
		C6D95796219571EF009E2B0D /* mine_tabbar@3x.png in Resources */ = {isa = PBXBuildFile; fileRef = C6D95768219571EF009E2B0D /* mine_tabbar@3x.png */; };
		C6D95797219571EF009E2B0D /* weitoutiao_tabbar@2x.png in Resources */ = {isa = PBXBuildFile; fileRef = C6D95769219571EF009E2B0D /* weitoutiao_tabbar@2x.png */; };
		C6D95798219571EF009E2B0D /* home_tabbar_night@3x.png in Resources */ = {isa = PBXBuildFile; fileRef = C6D9576A219571EF009E2B0D /* home_tabbar_night@3x.png */; };
		C6D95799219571EF009E2B0D /* no_login_tabbar_night@2x.png in Resources */ = {isa = PBXBuildFile; fileRef = C6D9576B219571EF009E2B0D /* no_login_tabbar_night@2x.png */; };
		C6D9579A219571EF009E2B0D /* weitoutiao_tabbar_press_night@2x.png in Resources */ = {isa = PBXBuildFile; fileRef = C6D9576C219571EF009E2B0D /* weitoutiao_tabbar_press_night@2x.png */; };
		C6D9579B219571EF009E2B0D /* home_tabbar@3x.png in Resources */ = {isa = PBXBuildFile; fileRef = C6D9576D219571EF009E2B0D /* home_tabbar@3x.png */; };
		C6D9579C219571EF009E2B0D /* weitoutiao_tabbar_press@3x.png in Resources */ = {isa = PBXBuildFile; fileRef = C6D9576E219571EF009E2B0D /* weitoutiao_tabbar_press@3x.png */; };
		C6D9579D219571EF009E2B0D /* video_tabbar_press_night@2x.png in Resources */ = {isa = PBXBuildFile; fileRef = C6D9576F219571EF009E2B0D /* video_tabbar_press_night@2x.png */; };
		C6D9579E219571EF009E2B0D /* weitoutiao_tabbar_night@2x.png in Resources */ = {isa = PBXBuildFile; fileRef = C6D95770219571EF009E2B0D /* weitoutiao_tabbar_night@2x.png */; };
		C6D9579F219571EF009E2B0D /* no_login_tabbar_press@3x.png in Resources */ = {isa = PBXBuildFile; fileRef = C6D95771219571EF009E2B0D /* no_login_tabbar_press@3x.png */; };
		C6D957A0219571EF009E2B0D /* no_login_tabbar_press@2x.png in Resources */ = {isa = PBXBuildFile; fileRef = C6D95772219571EF009E2B0D /* no_login_tabbar_press@2x.png */; };
		C6D957A1219571EF009E2B0D /* weitoutiao_tabbar_night@3x.png in Resources */ = {isa = PBXBuildFile; fileRef = C6D95773219571EF009E2B0D /* weitoutiao_tabbar_night@3x.png */; };
		C6D957A2219571EF009E2B0D /* video_tabbar_press_night@3x.png in Resources */ = {isa = PBXBuildFile; fileRef = C6D95774219571EF009E2B0D /* video_tabbar_press_night@3x.png */; };
		C6D957A3219571EF009E2B0D /* weitoutiao_tabbar_press@2x.png in Resources */ = {isa = PBXBuildFile; fileRef = C6D95775219571EF009E2B0D /* weitoutiao_tabbar_press@2x.png */; };
		C6D957A4219571EF009E2B0D /* home_tabbar@2x.png in Resources */ = {isa = PBXBuildFile; fileRef = C6D95776219571EF009E2B0D /* home_tabbar@2x.png */; };
		C6D957A5219571EF009E2B0D /* weitoutiao_tabbar_press_night@3x.png in Resources */ = {isa = PBXBuildFile; fileRef = C6D95777219571EF009E2B0D /* weitoutiao_tabbar_press_night@3x.png */; };
		C6D957A6219571EF009E2B0D /* no_login_tabbar_night@3x.png in Resources */ = {isa = PBXBuildFile; fileRef = C6D95778219571EF009E2B0D /* no_login_tabbar_night@3x.png */; };
		C6D957A7219571EF009E2B0D /* home_tabbar_loading@2x.png in Resources */ = {isa = PBXBuildFile; fileRef = C6D95779219571EF009E2B0D /* home_tabbar_loading@2x.png */; };
		C6D957A8219571EF009E2B0D /* video_tabbar_night@3x.png in Resources */ = {isa = PBXBuildFile; fileRef = C6D9577A219571EF009E2B0D /* video_tabbar_night@3x.png */; };
		C6D957A9219571EF009E2B0D /* video_tabbar_press@2x.png in Resources */ = {isa = PBXBuildFile; fileRef = C6D9577B219571EF009E2B0D /* video_tabbar_press@2x.png */; };
		C6D957AA219571EF009E2B0D /* no_login_tabbar@3x.png in Resources */ = {isa = PBXBuildFile; fileRef = C6D9577C219571EF009E2B0D /* no_login_tabbar@3x.png */; };
		C6D957AB219571EF009E2B0D /* no_login_tabbar_press_night@3x.png in Resources */ = {isa = PBXBuildFile; fileRef = C6D9577D219571EF009E2B0D /* no_login_tabbar_press_night@3x.png */; };
		C6D957AC219571EF009E2B0D /* no_login_tabbar_press_night@2x.png in Resources */ = {isa = PBXBuildFile; fileRef = C6D9577E219571EF009E2B0D /* no_login_tabbar_press_night@2x.png */; };
		C6D957AD219571EF009E2B0D /* no_login_tabbar@2x.png in Resources */ = {isa = PBXBuildFile; fileRef = C6D9577F219571EF009E2B0D /* no_login_tabbar@2x.png */; };
		C6D957AE219571EF009E2B0D /* video_tabbar_press@3x.png in Resources */ = {isa = PBXBuildFile; fileRef = C6D95780219571EF009E2B0D /* video_tabbar_press@3x.png */; };
		C6D957AF219571EF009E2B0D /* video_tabbar_night@2x.png in Resources */ = {isa = PBXBuildFile; fileRef = C6D95781219571EF009E2B0D /* video_tabbar_night@2x.png */; };
		C6D957B0219571EF009E2B0D /* home_tabbar_loading@3x.png in Resources */ = {isa = PBXBuildFile; fileRef = C6D95782219571EF009E2B0D /* home_tabbar_loading@3x.png */; };
		C6D957B1219571EF009E2B0D /* mine_tabbar_press@3x.png in Resources */ = {isa = PBXBuildFile; fileRef = C6D95783219571EF009E2B0D /* mine_tabbar_press@3x.png */; };
		C6D957B2219571EF009E2B0D /* mine_tabbar_press_night@3x.png in Resources */ = {isa = PBXBuildFile; fileRef = C6D95784219571EF009E2B0D /* mine_tabbar_press_night@3x.png */; };
		C6D957B3219571EF009E2B0D /* video_tabbar@2x.png in Resources */ = {isa = PBXBuildFile; fileRef = C6D95785219571EF009E2B0D /* video_tabbar@2x.png */; };
		C6D957B4219571EF009E2B0D /* mine_tabbar_night@2x.png in Resources */ = {isa = PBXBuildFile; fileRef = C6D95786219571EF009E2B0D /* mine_tabbar_night@2x.png */; };
		C6D957B5219571EF009E2B0D /* home_tabbar_press_night@3x.png in Resources */ = {isa = PBXBuildFile; fileRef = C6D95787219571EF009E2B0D /* home_tabbar_press_night@3x.png */; };
		C6D957B6219571EF009E2B0D /* home_tabbar_press_night@2x.png in Resources */ = {isa = PBXBuildFile; fileRef = C6D95788219571EF009E2B0D /* home_tabbar_press_night@2x.png */; };
		C6D957B7219571EF009E2B0D /* video_tabbar@3x.png in Resources */ = {isa = PBXBuildFile; fileRef = C6D95789219571EF009E2B0D /* video_tabbar@3x.png */; };
		C6D957B8219571EF009E2B0D /* mine_tabbar_night@3x.png in Resources */ = {isa = PBXBuildFile; fileRef = C6D9578A219571EF009E2B0D /* mine_tabbar_night@3x.png */; };
		C6D957B9219571EF009E2B0D /* mine_tabbar_press_night@2x.png in Resources */ = {isa = PBXBuildFile; fileRef = C6D9578B219571EF009E2B0D /* mine_tabbar_press_night@2x.png */; };
		C6D957BA219571EF009E2B0D /* mine_tabbar_press@2x.png in Resources */ = {isa = PBXBuildFile; fileRef = C6D9578C219571EF009E2B0D /* mine_tabbar_press@2x.png */; };
/* End PBXBuildFile section */

/* Begin PBXFileReference section */
		94C27866684A3430F7B602B0 /* libPods-LYHeadNews.a */ = {isa = PBXFileReference; explicitFileType = archive.ar; includeInIndex = 0; path = "libPods-LYHeadNews.a"; sourceTree = BUILT_PRODUCTS_DIR; };
		AFFDF0BCD8B3271772D5A447 /* Pods-LYHeadNews.release.xcconfig */ = {isa = PBXFileReference; includeInIndex = 1; lastKnownFileType = text.xcconfig; name = "Pods-LYHeadNews.release.xcconfig"; path = "Target Support Files/Pods-LYHeadNews/Pods-LYHeadNews.release.xcconfig"; sourceTree = "<group>"; };
		C643ECB221967A1A007C060D /* UITabBar+Badge.m */ = {isa = PBXFileReference; fileEncoding = 4; lastKnownFileType = sourcecode.c.objc; path = "UITabBar+Badge.m"; sourceTree = "<group>"; };
		C643ECB321967A1A007C060D /* UITabBar+Badge.h */ = {isa = PBXFileReference; fileEncoding = 4; lastKnownFileType = sourcecode.c.h; path = "UITabBar+Badge.h"; sourceTree = "<group>"; };
		C643ECB52196D873007C060D /* MelonVideoViewController.h */ = {isa = PBXFileReference; lastKnownFileType = sourcecode.c.h; path = MelonVideoViewController.h; sourceTree = "<group>"; };
		C643ECB62196D873007C060D /* MelonVideoViewController.m */ = {isa = PBXFileReference; lastKnownFileType = sourcecode.c.objc; path = MelonVideoViewController.m; sourceTree = "<group>"; };
		C643ECBB2196E35A007C060D /* UIView+Animation.h */ = {isa = PBXFileReference; lastKnownFileType = sourcecode.c.h; path = "UIView+Animation.h"; sourceTree = "<group>"; };
		C643ECBC2196E35A007C060D /* UIView+Animation.m */ = {isa = PBXFileReference; lastKnownFileType = sourcecode.c.objc; path = "UIView+Animation.m"; sourceTree = "<group>"; };
		C65759D7219180F200F59542 /* LYHeadNews.app */ = {isa = PBXFileReference; explicitFileType = wrapper.application; includeInIndex = 0; path = LYHeadNews.app; sourceTree = BUILT_PRODUCTS_DIR; };
		C65759DA219180F200F59542 /* AppDelegate.h */ = {isa = PBXFileReference; lastKnownFileType = sourcecode.c.h; path = AppDelegate.h; sourceTree = "<group>"; };
		C65759DB219180F200F59542 /* AppDelegate.m */ = {isa = PBXFileReference; lastKnownFileType = sourcecode.c.objc; path = AppDelegate.m; sourceTree = "<group>"; };
		C65759E3219180F900F59542 /* Assets.xcassets */ = {isa = PBXFileReference; lastKnownFileType = folder.assetcatalog; path = Assets.xcassets; sourceTree = "<group>"; };
		C65759E6219180F900F59542 /* Base */ = {isa = PBXFileReference; lastKnownFileType = file.storyboard; name = Base; path = Base.lproj/LaunchScreen.storyboard; sourceTree = "<group>"; };
		C65759E8219180F900F59542 /* Info.plist */ = {isa = PBXFileReference; lastKnownFileType = text.plist.xml; path = Info.plist; sourceTree = "<group>"; };
		C65759E9219180F900F59542 /* main.m */ = {isa = PBXFileReference; lastKnownFileType = sourcecode.c.objc; path = main.m; sourceTree = "<group>"; };
		C65759F1219197F700F59542 /* LYHeadNews.pch */ = {isa = PBXFileReference; lastKnownFileType = sourcecode.c.h; path = LYHeadNews.pch; sourceTree = "<group>"; };
		C65759F2219199D100F59542 /* AppDelegate+RootController.m */ = {isa = PBXFileReference; fileEncoding = 4; lastKnownFileType = sourcecode.c.objc; path = "AppDelegate+RootController.m"; sourceTree = "<group>"; };
		C65759F3219199D100F59542 /* AppDelegate+RootController.h */ = {isa = PBXFileReference; fileEncoding = 4; lastKnownFileType = sourcecode.c.h; path = "AppDelegate+RootController.h"; sourceTree = "<group>"; };
		C683DD4A219BC22F003BB087 /* SecondViewController.h */ = {isa = PBXFileReference; lastKnownFileType = sourcecode.c.h; path = SecondViewController.h; sourceTree = "<group>"; };
		C683DD4B219BC22F003BB087 /* SecondViewController.m */ = {isa = PBXFileReference; lastKnownFileType = sourcecode.c.objc; path = SecondViewController.m; sourceTree = "<group>"; };
		C683DD4E219C1E33003BB087 /* back_white@2x.png */ = {isa = PBXFileReference; lastKnownFileType = image.png; path = "back_white@2x.png"; sourceTree = "<group>"; };
		C683DD4F219C1E33003BB087 /* back_white@3x.png */ = {isa = PBXFileReference; lastKnownFileType = image.png; path = "back_white@3x.png"; sourceTree = "<group>"; };
		C683DD52219C1E3F003BB087 /* back_gray@2x.png */ = {isa = PBXFileReference; lastKnownFileType = image.png; path = "back_gray@2x.png"; sourceTree = "<group>"; };
		C683DD53219C1E3F003BB087 /* back_gray@3x.png */ = {isa = PBXFileReference; lastKnownFileType = image.png; path = "back_gray@3x.png"; sourceTree = "<group>"; };
		C683DD56219C1E45003BB087 /* back_black@3x.png */ = {isa = PBXFileReference; lastKnownFileType = image.png; path = "back_black@3x.png"; sourceTree = "<group>"; };
		C683DD57219C1E45003BB087 /* back_black@2x.png */ = {isa = PBXFileReference; lastKnownFileType = image.png; path = "back_black@2x.png"; sourceTree = "<group>"; };
		C683DD5A219C2888003BB087 /* ThirdViewController.h */ = {isa = PBXFileReference; lastKnownFileType = sourcecode.c.h; path = ThirdViewController.h; sourceTree = "<group>"; };
		C683DD5B219C2888003BB087 /* ThirdViewController.m */ = {isa = PBXFileReference; lastKnownFileType = sourcecode.c.objc; path = ThirdViewController.m; sourceTree = "<group>"; };
		C68FD9F82192D12A00C90521 /* NSString+Valid.m */ = {isa = PBXFileReference; fileEncoding = 4; lastKnownFileType = sourcecode.c.objc; path = "NSString+Valid.m"; sourceTree = "<group>"; };
		C68FD9F92192D12A00C90521 /* NSDateFormatter+Category.h */ = {isa = PBXFileReference; fileEncoding = 4; lastKnownFileType = sourcecode.c.h; path = "NSDateFormatter+Category.h"; sourceTree = "<group>"; };
		C68FD9FA2192D12A00C90521 /* LYCategory.h */ = {isa = PBXFileReference; fileEncoding = 4; lastKnownFileType = sourcecode.c.h; path = LYCategory.h; sourceTree = "<group>"; };
		C68FD9FB2192D12A00C90521 /* Tools.m */ = {isa = PBXFileReference; fileEncoding = 4; lastKnownFileType = sourcecode.c.objc; path = Tools.m; sourceTree = "<group>"; };
		C68FD9FD2192D12A00C90521 /* UIView+LYExtension.m */ = {isa = PBXFileReference; fileEncoding = 4; lastKnownFileType = sourcecode.c.objc; path = "UIView+LYExtension.m"; sourceTree = "<group>"; };
		C68FD9FE2192D12A00C90521 /* NSString+Valid.h */ = {isa = PBXFileReference; fileEncoding = 4; lastKnownFileType = sourcecode.c.h; path = "NSString+Valid.h"; sourceTree = "<group>"; };
		C68FD9FF2192D12A00C90521 /* Tools.h */ = {isa = PBXFileReference; fileEncoding = 4; lastKnownFileType = sourcecode.c.h; path = Tools.h; sourceTree = "<group>"; };
		C68FDA002192D12A00C90521 /* NSDateFormatter+Category.m */ = {isa = PBXFileReference; fileEncoding = 4; lastKnownFileType = sourcecode.c.objc; path = "NSDateFormatter+Category.m"; sourceTree = "<group>"; };
		C68FDA012192D12A00C90521 /* UIView+LYExtension.h */ = {isa = PBXFileReference; fileEncoding = 4; lastKnownFileType = sourcecode.c.h; path = "UIView+LYExtension.h"; sourceTree = "<group>"; };
		C6D16DDA21942745005C3F68 /* BaseTabBarController.h */ = {isa = PBXFileReference; fileEncoding = 4; lastKnownFileType = sourcecode.c.h; path = BaseTabBarController.h; sourceTree = "<group>"; };
		C6D16DDB21942745005C3F68 /* BaseTabBarController.m */ = {isa = PBXFileReference; fileEncoding = 4; lastKnownFileType = sourcecode.c.objc; path = BaseTabBarController.m; sourceTree = "<group>"; };
		C6D16DE221942A3E005C3F68 /* BaseNavigationController.h */ = {isa = PBXFileReference; fileEncoding = 4; lastKnownFileType = sourcecode.c.h; path = BaseNavigationController.h; sourceTree = "<group>"; };
		C6D16DE321942A3F005C3F68 /* BaseNavigationController.m */ = {isa = PBXFileReference; fileEncoding = 4; lastKnownFileType = sourcecode.c.objc; path = BaseNavigationController.m; sourceTree = "<group>"; };
		C6D16DE521942A44005C3F68 /* BaseViewController.h */ = {isa = PBXFileReference; fileEncoding = 4; lastKnownFileType = sourcecode.c.h; path = BaseViewController.h; sourceTree = "<group>"; };
		C6D16DE621942A44005C3F68 /* BaseViewController.m */ = {isa = PBXFileReference; fileEncoding = 4; lastKnownFileType = sourcecode.c.objc; path = BaseViewController.m; sourceTree = "<group>"; };
		C6D16DE821942AAC005C3F68 /* HomeViewController.h */ = {isa = PBXFileReference; lastKnownFileType = sourcecode.c.h; path = HomeViewController.h; sourceTree = "<group>"; };
		C6D16DE921942AAC005C3F68 /* HomeViewController.m */ = {isa = PBXFileReference; lastKnownFileType = sourcecode.c.objc; path = HomeViewController.m; sourceTree = "<group>"; };
		C6D16DEE21942BD1005C3F68 /* HeadNewsViewController.h */ = {isa = PBXFileReference; lastKnownFileType = sourcecode.c.h; path = HeadNewsViewController.h; sourceTree = "<group>"; };
		C6D16DEF21942BD1005C3F68 /* HeadNewsViewController.m */ = {isa = PBXFileReference; lastKnownFileType = sourcecode.c.objc; path = HeadNewsViewController.m; sourceTree = "<group>"; };
		C6D16DF1219433D1005C3F68 /* LittleVideoViewController.h */ = {isa = PBXFileReference; lastKnownFileType = sourcecode.c.h; path = LittleVideoViewController.h; sourceTree = "<group>"; };
		C6D16DF2219433D1005C3F68 /* LittleVideoViewController.m */ = {isa = PBXFileReference; lastKnownFileType = sourcecode.c.objc; path = LittleVideoViewController.m; sourceTree = "<group>"; };
		C6D9575F219571EF009E2B0D /* home_tabbar_night@2x.png */ = {isa = PBXFileReference; lastKnownFileType = image.png; path = "home_tabbar_night@2x.png"; sourceTree = "<group>"; };
		C6D95760219571EF009E2B0D /* weitoutiao_tabbar@3x.png */ = {isa = PBXFileReference; lastKnownFileType = image.png; path = "weitoutiao_tabbar@3x.png"; sourceTree = "<group>"; };
		C6D95761219571EF009E2B0D /* mine_tabbar@2x.png */ = {isa = PBXFileReference; lastKnownFileType = image.png; path = "mine_tabbar@2x.png"; sourceTree = "<group>"; };
		C6D95762219571EF009E2B0D /* home_tabbar_press@3x.png */ = {isa = PBXFileReference; lastKnownFileType = image.png; path = "home_tabbar_press@3x.png"; sourceTree = "<group>"; };
		C6D95763219571EF009E2B0D /* huoshan_tabbar_press@3x.png */ = {isa = PBXFileReference; lastKnownFileType = image.png; path = "huoshan_tabbar_press@3x.png"; sourceTree = "<group>"; };
		C6D95764219571EF009E2B0D /* huoshan_tabbar@2x.png */ = {isa = PBXFileReference; lastKnownFileType = image.png; path = "huoshan_tabbar@2x.png"; sourceTree = "<group>"; };
		C6D95765219571EF009E2B0D /* huoshan_tabbar@3x.png */ = {isa = PBXFileReference; lastKnownFileType = image.png; path = "huoshan_tabbar@3x.png"; sourceTree = "<group>"; };
		C6D95766219571EF009E2B0D /* huoshan_tabbar_press@2x.png */ = {isa = PBXFileReference; lastKnownFileType = image.png; path = "huoshan_tabbar_press@2x.png"; sourceTree = "<group>"; };
		C6D95767219571EF009E2B0D /* home_tabbar_press@2x.png */ = {isa = PBXFileReference; lastKnownFileType = image.png; path = "home_tabbar_press@2x.png"; sourceTree = "<group>"; };
		C6D95768219571EF009E2B0D /* mine_tabbar@3x.png */ = {isa = PBXFileReference; lastKnownFileType = image.png; path = "mine_tabbar@3x.png"; sourceTree = "<group>"; };
		C6D95769219571EF009E2B0D /* weitoutiao_tabbar@2x.png */ = {isa = PBXFileReference; lastKnownFileType = image.png; path = "weitoutiao_tabbar@2x.png"; sourceTree = "<group>"; };
		C6D9576A219571EF009E2B0D /* home_tabbar_night@3x.png */ = {isa = PBXFileReference; lastKnownFileType = image.png; path = "home_tabbar_night@3x.png"; sourceTree = "<group>"; };
		C6D9576B219571EF009E2B0D /* no_login_tabbar_night@2x.png */ = {isa = PBXFileReference; lastKnownFileType = image.png; path = "no_login_tabbar_night@2x.png"; sourceTree = "<group>"; };
		C6D9576C219571EF009E2B0D /* weitoutiao_tabbar_press_night@2x.png */ = {isa = PBXFileReference; lastKnownFileType = image.png; path = "weitoutiao_tabbar_press_night@2x.png"; sourceTree = "<group>"; };
		C6D9576D219571EF009E2B0D /* home_tabbar@3x.png */ = {isa = PBXFileReference; lastKnownFileType = image.png; path = "home_tabbar@3x.png"; sourceTree = "<group>"; };
		C6D9576E219571EF009E2B0D /* weitoutiao_tabbar_press@3x.png */ = {isa = PBXFileReference; lastKnownFileType = image.png; path = "weitoutiao_tabbar_press@3x.png"; sourceTree = "<group>"; };
		C6D9576F219571EF009E2B0D /* video_tabbar_press_night@2x.png */ = {isa = PBXFileReference; lastKnownFileType = image.png; path = "video_tabbar_press_night@2x.png"; sourceTree = "<group>"; };
		C6D95770219571EF009E2B0D /* weitoutiao_tabbar_night@2x.png */ = {isa = PBXFileReference; lastKnownFileType = image.png; path = "weitoutiao_tabbar_night@2x.png"; sourceTree = "<group>"; };
		C6D95771219571EF009E2B0D /* no_login_tabbar_press@3x.png */ = {isa = PBXFileReference; lastKnownFileType = image.png; path = "no_login_tabbar_press@3x.png"; sourceTree = "<group>"; };
		C6D95772219571EF009E2B0D /* no_login_tabbar_press@2x.png */ = {isa = PBXFileReference; lastKnownFileType = image.png; path = "no_login_tabbar_press@2x.png"; sourceTree = "<group>"; };
		C6D95773219571EF009E2B0D /* weitoutiao_tabbar_night@3x.png */ = {isa = PBXFileReference; lastKnownFileType = image.png; path = "weitoutiao_tabbar_night@3x.png"; sourceTree = "<group>"; };
		C6D95774219571EF009E2B0D /* video_tabbar_press_night@3x.png */ = {isa = PBXFileReference; lastKnownFileType = image.png; path = "video_tabbar_press_night@3x.png"; sourceTree = "<group>"; };
		C6D95775219571EF009E2B0D /* weitoutiao_tabbar_press@2x.png */ = {isa = PBXFileReference; lastKnownFileType = image.png; path = "weitoutiao_tabbar_press@2x.png"; sourceTree = "<group>"; };
		C6D95776219571EF009E2B0D /* home_tabbar@2x.png */ = {isa = PBXFileReference; lastKnownFileType = image.png; path = "home_tabbar@2x.png"; sourceTree = "<group>"; };
		C6D95777219571EF009E2B0D /* weitoutiao_tabbar_press_night@3x.png */ = {isa = PBXFileReference; lastKnownFileType = image.png; path = "weitoutiao_tabbar_press_night@3x.png"; sourceTree = "<group>"; };
		C6D95778219571EF009E2B0D /* no_login_tabbar_night@3x.png */ = {isa = PBXFileReference; lastKnownFileType = image.png; path = "no_login_tabbar_night@3x.png"; sourceTree = "<group>"; };
		C6D95779219571EF009E2B0D /* home_tabbar_loading@2x.png */ = {isa = PBXFileReference; lastKnownFileType = image.png; path = "home_tabbar_loading@2x.png"; sourceTree = "<group>"; };
		C6D9577A219571EF009E2B0D /* video_tabbar_night@3x.png */ = {isa = PBXFileReference; lastKnownFileType = image.png; path = "video_tabbar_night@3x.png"; sourceTree = "<group>"; };
		C6D9577B219571EF009E2B0D /* video_tabbar_press@2x.png */ = {isa = PBXFileReference; lastKnownFileType = image.png; path = "video_tabbar_press@2x.png"; sourceTree = "<group>"; };
		C6D9577C219571EF009E2B0D /* no_login_tabbar@3x.png */ = {isa = PBXFileReference; lastKnownFileType = image.png; path = "no_login_tabbar@3x.png"; sourceTree = "<group>"; };
		C6D9577D219571EF009E2B0D /* no_login_tabbar_press_night@3x.png */ = {isa = PBXFileReference; lastKnownFileType = image.png; path = "no_login_tabbar_press_night@3x.png"; sourceTree = "<group>"; };
		C6D9577E219571EF009E2B0D /* no_login_tabbar_press_night@2x.png */ = {isa = PBXFileReference; lastKnownFileType = image.png; path = "no_login_tabbar_press_night@2x.png"; sourceTree = "<group>"; };
		C6D9577F219571EF009E2B0D /* no_login_tabbar@2x.png */ = {isa = PBXFileReference; lastKnownFileType = image.png; path = "no_login_tabbar@2x.png"; sourceTree = "<group>"; };
		C6D95780219571EF009E2B0D /* video_tabbar_press@3x.png */ = {isa = PBXFileReference; lastKnownFileType = image.png; path = "video_tabbar_press@3x.png"; sourceTree = "<group>"; };
		C6D95781219571EF009E2B0D /* video_tabbar_night@2x.png */ = {isa = PBXFileReference; lastKnownFileType = image.png; path = "video_tabbar_night@2x.png"; sourceTree = "<group>"; };
		C6D95782219571EF009E2B0D /* home_tabbar_loading@3x.png */ = {isa = PBXFileReference; lastKnownFileType = image.png; path = "home_tabbar_loading@3x.png"; sourceTree = "<group>"; };
		C6D95783219571EF009E2B0D /* mine_tabbar_press@3x.png */ = {isa = PBXFileReference; lastKnownFileType = image.png; path = "mine_tabbar_press@3x.png"; sourceTree = "<group>"; };
		C6D95784219571EF009E2B0D /* mine_tabbar_press_night@3x.png */ = {isa = PBXFileReference; lastKnownFileType = image.png; path = "mine_tabbar_press_night@3x.png"; sourceTree = "<group>"; };
		C6D95785219571EF009E2B0D /* video_tabbar@2x.png */ = {isa = PBXFileReference; lastKnownFileType = image.png; path = "video_tabbar@2x.png"; sourceTree = "<group>"; };
		C6D95786219571EF009E2B0D /* mine_tabbar_night@2x.png */ = {isa = PBXFileReference; lastKnownFileType = image.png; path = "mine_tabbar_night@2x.png"; sourceTree = "<group>"; };
		C6D95787219571EF009E2B0D /* home_tabbar_press_night@3x.png */ = {isa = PBXFileReference; lastKnownFileType = image.png; path = "home_tabbar_press_night@3x.png"; sourceTree = "<group>"; };
		C6D95788219571EF009E2B0D /* home_tabbar_press_night@2x.png */ = {isa = PBXFileReference; lastKnownFileType = image.png; path = "home_tabbar_press_night@2x.png"; sourceTree = "<group>"; };
		C6D95789219571EF009E2B0D /* video_tabbar@3x.png */ = {isa = PBXFileReference; lastKnownFileType = image.png; path = "video_tabbar@3x.png"; sourceTree = "<group>"; };
		C6D9578A219571EF009E2B0D /* mine_tabbar_night@3x.png */ = {isa = PBXFileReference; lastKnownFileType = image.png; path = "mine_tabbar_night@3x.png"; sourceTree = "<group>"; };
		C6D9578B219571EF009E2B0D /* mine_tabbar_press_night@2x.png */ = {isa = PBXFileReference; lastKnownFileType = image.png; path = "mine_tabbar_press_night@2x.png"; sourceTree = "<group>"; };
		C6D9578C219571EF009E2B0D /* mine_tabbar_press@2x.png */ = {isa = PBXFileReference; lastKnownFileType = image.png; path = "mine_tabbar_press@2x.png"; sourceTree = "<group>"; };
		E65EFC5831ED3034C7B60973 /* Pods-LYHeadNews.debug.xcconfig */ = {isa = PBXFileReference; includeInIndex = 1; lastKnownFileType = text.xcconfig; name = "Pods-LYHeadNews.debug.xcconfig"; path = "Target Support Files/Pods-LYHeadNews/Pods-LYHeadNews.debug.xcconfig"; sourceTree = "<group>"; };
/* End PBXFileReference section */

/* Begin PBXFrameworksBuildPhase section */
		C65759D4219180F200F59542 /* Frameworks */ = {
			isa = PBXFrameworksBuildPhase;
			buildActionMask = 2147483647;
			files = (
				733B90E0BF730974077FBE08 /* libPods-LYHeadNews.a in Frameworks */,
			);
			runOnlyForDeploymentPostprocessing = 0;
		};
/* End PBXFrameworksBuildPhase section */

/* Begin PBXGroup section */
		C65759CE219180F100F59542 = {
			isa = PBXGroup;
			children = (
				C65759D9219180F200F59542 /* LYHeadNews */,
				C65759D8219180F200F59542 /* Products */,
				F3CD9962B85EDDF07095D709 /* Pods */,
				DD05CBA685290A6471A5FF4A /* Frameworks */,
			);
			sourceTree = "<group>";
		};
		C65759D8219180F200F59542 /* Products */ = {
			isa = PBXGroup;
			children = (
				C65759D7219180F200F59542 /* LYHeadNews.app */,
			);
			name = Products;
			sourceTree = "<group>";
		};
		C65759D9219180F200F59542 /* LYHeadNews */ = {
			isa = PBXGroup;
			children = (
				C68FD9F62192D0EF00C90521 /* Classes */,
				C68FD9F52192D0DA00C90521 /* Resource */,
				C68FD9F42192D0C400C90521 /* Libs */,
				C65759DA219180F200F59542 /* AppDelegate.h */,
				C65759DB219180F200F59542 /* AppDelegate.m */,
				C65759F3219199D100F59542 /* AppDelegate+RootController.h */,
				C65759F2219199D100F59542 /* AppDelegate+RootController.m */,
				C65759F0219184CB00F59542 /* Supporting Files */,
			);
			path = LYHeadNews;
			sourceTree = "<group>";
		};
		C65759F0219184CB00F59542 /* Supporting Files */ = {
			isa = PBXGroup;
			children = (
				C65759E3219180F900F59542 /* Assets.xcassets */,
				C65759E5219180F900F59542 /* LaunchScreen.storyboard */,
				C65759E8219180F900F59542 /* Info.plist */,
				C65759E9219180F900F59542 /* main.m */,
				C65759F1219197F700F59542 /* LYHeadNews.pch */,
			);
			name = "Supporting Files";
			sourceTree = "<group>";
		};
		C683DD4D219C1E20003BB087 /* Common */ = {
			isa = PBXGroup;
			children = (
				C683DD4E219C1E33003BB087 /* back_white@2x.png */,
				C683DD4F219C1E33003BB087 /* back_white@3x.png */,
				C683DD52219C1E3F003BB087 /* back_gray@2x.png */,
				C683DD53219C1E3F003BB087 /* back_gray@3x.png */,
				C683DD57219C1E45003BB087 /* back_black@2x.png */,
				C683DD56219C1E45003BB087 /* back_black@3x.png */,
			);
			path = Common;
			sourceTree = "<group>";
		};
		C68FD9F42192D0C400C90521 /* Libs */ = {
			isa = PBXGroup;
			children = (
				C68FD9F72192D12A00C90521 /* Category */,
				C6D16DE1219429A7005C3F68 /* ThirdParts */,
				C68FDA082192D33200C90521 /* BaseActions */,
			);
			path = Libs;
			sourceTree = "<group>";
		};
		C68FD9F52192D0DA00C90521 /* Resource */ = {
			isa = PBXGroup;
			children = (
				C683DD4D219C1E20003BB087 /* Common */,
				C6D9575E219571EF009E2B0D /* Tabbar */,
			);
			path = Resource;
			sourceTree = "<group>";
		};
		C68FD9F62192D0EF00C90521 /* Classes */ = {
			isa = PBXGroup;
			children = (
				C6D16DDD219427BB005C3F68 /* Home */,
				C6D16DDE219427C5005C3F68 /* MelonVideo */,
				C6D16DDF2194281D005C3F68 /* HeadNews */,
				C6D16DE02194286F005C3F68 /* LittleVideo */,
			);
			path = Classes;
			sourceTree = "<group>";
		};
		C68FD9F72192D12A00C90521 /* Category */ = {
			isa = PBXGroup;
			children = (
				C68FD9FA2192D12A00C90521 /* LYCategory.h */,
				C68FD9FF2192D12A00C90521 /* Tools.h */,
				C68FD9FB2192D12A00C90521 /* Tools.m */,
				C68FD9FE2192D12A00C90521 /* NSString+Valid.h */,
				C68FD9F82192D12A00C90521 /* NSString+Valid.m */,
				C68FDA012192D12A00C90521 /* UIView+LYExtension.h */,
				C68FD9FD2192D12A00C90521 /* UIView+LYExtension.m */,
				C643ECBB2196E35A007C060D /* UIView+Animation.h */,
				C643ECBC2196E35A007C060D /* UIView+Animation.m */,
				C643ECB321967A1A007C060D /* UITabBar+Badge.h */,
				C643ECB221967A1A007C060D /* UITabBar+Badge.m */,
				C68FD9F92192D12A00C90521 /* NSDateFormatter+Category.h */,
				C68FDA002192D12A00C90521 /* NSDateFormatter+Category.m */,
			);
			path = Category;
			sourceTree = "<group>";
		};
		C68FDA082192D33200C90521 /* BaseActions */ = {
			isa = PBXGroup;
			children = (
				C6D16DE521942A44005C3F68 /* BaseViewController.h */,
				C6D16DE621942A44005C3F68 /* BaseViewController.m */,
				C6D16DE221942A3E005C3F68 /* BaseNavigationController.h */,
				C6D16DE321942A3F005C3F68 /* BaseNavigationController.m */,
				C6D16DDA21942745005C3F68 /* BaseTabBarController.h */,
				C6D16DDB21942745005C3F68 /* BaseTabBarController.m */,
			);
			path = BaseActions;
			sourceTree = "<group>";
		};
		C6D16DDD219427BB005C3F68 /* Home */ = {
			isa = PBXGroup;
			children = (
				C6D16DE821942AAC005C3F68 /* HomeViewController.h */,
				C6D16DE921942AAC005C3F68 /* HomeViewController.m */,
				C683DD4A219BC22F003BB087 /* SecondViewController.h */,
				C683DD4B219BC22F003BB087 /* SecondViewController.m */,
				C683DD5A219C2888003BB087 /* ThirdViewController.h */,
				C683DD5B219C2888003BB087 /* ThirdViewController.m */,
			);
			path = Home;
			sourceTree = "<group>";
		};
		C6D16DDE219427C5005C3F68 /* MelonVideo */ = {
			isa = PBXGroup;
			children = (
				C643ECB52196D873007C060D /* MelonVideoViewController.h */,
				C643ECB62196D873007C060D /* MelonVideoViewController.m */,
			);
			path = MelonVideo;
			sourceTree = "<group>";
		};
		C6D16DDF2194281D005C3F68 /* HeadNews */ = {
			isa = PBXGroup;
			children = (
				C6D16DEE21942BD1005C3F68 /* HeadNewsViewController.h */,
				C6D16DEF21942BD1005C3F68 /* HeadNewsViewController.m */,
			);
			path = HeadNews;
			sourceTree = "<group>";
		};
		C6D16DE02194286F005C3F68 /* LittleVideo */ = {
			isa = PBXGroup;
			children = (
				C6D16DF1219433D1005C3F68 /* LittleVideoViewController.h */,
				C6D16DF2219433D1005C3F68 /* LittleVideoViewController.m */,
			);
			path = LittleVideo;
			sourceTree = "<group>";
		};
		C6D16DE1219429A7005C3F68 /* ThirdParts */ = {
			isa = PBXGroup;
			children = (
			);
			path = ThirdParts;
			sourceTree = "<group>";
		};
		C6D9575E219571EF009E2B0D /* Tabbar */ = {
			isa = PBXGroup;
			children = (
				C6D95776219571EF009E2B0D /* home_tabbar@2x.png */,
				C6D9576D219571EF009E2B0D /* home_tabbar@3x.png */,
				C6D95767219571EF009E2B0D /* home_tabbar_press@2x.png */,
				C6D95762219571EF009E2B0D /* home_tabbar_press@3x.png */,
				C6D9575F219571EF009E2B0D /* home_tabbar_night@2x.png */,
				C6D9576A219571EF009E2B0D /* home_tabbar_night@3x.png */,
				C6D95788219571EF009E2B0D /* home_tabbar_press_night@2x.png */,
				C6D95787219571EF009E2B0D /* home_tabbar_press_night@3x.png */,
				C6D95779219571EF009E2B0D /* home_tabbar_loading@2x.png */,
				C6D95782219571EF009E2B0D /* home_tabbar_loading@3x.png */,
				C6D95785219571EF009E2B0D /* video_tabbar@2x.png */,
				C6D95789219571EF009E2B0D /* video_tabbar@3x.png */,
				C6D9577B219571EF009E2B0D /* video_tabbar_press@2x.png */,
				C6D95780219571EF009E2B0D /* video_tabbar_press@3x.png */,
				C6D95781219571EF009E2B0D /* video_tabbar_night@2x.png */,
				C6D9577A219571EF009E2B0D /* video_tabbar_night@3x.png */,
				C6D9576F219571EF009E2B0D /* video_tabbar_press_night@2x.png */,
				C6D95774219571EF009E2B0D /* video_tabbar_press_night@3x.png */,
				C6D95769219571EF009E2B0D /* weitoutiao_tabbar@2x.png */,
				C6D95760219571EF009E2B0D /* weitoutiao_tabbar@3x.png */,
				C6D95775219571EF009E2B0D /* weitoutiao_tabbar_press@2x.png */,
				C6D9576E219571EF009E2B0D /* weitoutiao_tabbar_press@3x.png */,
				C6D95770219571EF009E2B0D /* weitoutiao_tabbar_night@2x.png */,
				C6D95773219571EF009E2B0D /* weitoutiao_tabbar_night@3x.png */,
				C6D9576C219571EF009E2B0D /* weitoutiao_tabbar_press_night@2x.png */,
				C6D95777219571EF009E2B0D /* weitoutiao_tabbar_press_night@3x.png */,
				C6D95764219571EF009E2B0D /* huoshan_tabbar@2x.png */,
				C6D95765219571EF009E2B0D /* huoshan_tabbar@3x.png */,
				C6D95766219571EF009E2B0D /* huoshan_tabbar_press@2x.png */,
				C6D95763219571EF009E2B0D /* huoshan_tabbar_press@3x.png */,
				C6D95761219571EF009E2B0D /* mine_tabbar@2x.png */,
				C6D95768219571EF009E2B0D /* mine_tabbar@3x.png */,
				C6D9578C219571EF009E2B0D /* mine_tabbar_press@2x.png */,
				C6D95783219571EF009E2B0D /* mine_tabbar_press@3x.png */,
				C6D95786219571EF009E2B0D /* mine_tabbar_night@2x.png */,
				C6D9578A219571EF009E2B0D /* mine_tabbar_night@3x.png */,
				C6D9578B219571EF009E2B0D /* mine_tabbar_press_night@2x.png */,
				C6D95784219571EF009E2B0D /* mine_tabbar_press_night@3x.png */,
				C6D9577F219571EF009E2B0D /* no_login_tabbar@2x.png */,
				C6D9577C219571EF009E2B0D /* no_login_tabbar@3x.png */,
				C6D95772219571EF009E2B0D /* no_login_tabbar_press@2x.png */,
				C6D95771219571EF009E2B0D /* no_login_tabbar_press@3x.png */,
				C6D9576B219571EF009E2B0D /* no_login_tabbar_night@2x.png */,
				C6D95778219571EF009E2B0D /* no_login_tabbar_night@3x.png */,
				C6D9577E219571EF009E2B0D /* no_login_tabbar_press_night@2x.png */,
				C6D9577D219571EF009E2B0D /* no_login_tabbar_press_night@3x.png */,
			);
			path = Tabbar;
			sourceTree = "<group>";
		};
		DD05CBA685290A6471A5FF4A /* Frameworks */ = {
			isa = PBXGroup;
			children = (
				94C27866684A3430F7B602B0 /* libPods-LYHeadNews.a */,
			);
			name = Frameworks;
			sourceTree = "<group>";
		};
		F3CD9962B85EDDF07095D709 /* Pods */ = {
			isa = PBXGroup;
			children = (
				E65EFC5831ED3034C7B60973 /* Pods-LYHeadNews.debug.xcconfig */,
				AFFDF0BCD8B3271772D5A447 /* Pods-LYHeadNews.release.xcconfig */,
			);
			path = Pods;
			sourceTree = "<group>";
		};
/* End PBXGroup section */

/* Begin PBXNativeTarget section */
		C65759D6219180F200F59542 /* LYHeadNews */ = {
			isa = PBXNativeTarget;
			buildConfigurationList = C65759ED219180F900F59542 /* Build configuration list for PBXNativeTarget "LYHeadNews" */;
			buildPhases = (
				C2AA0946F6CAACC75D11BB97 /* [CP] Check Pods Manifest.lock */,
				C65759D3219180F200F59542 /* Sources */,
				C65759D4219180F200F59542 /* Frameworks */,
				C65759D5219180F200F59542 /* Resources */,
			);
			buildRules = (
			);
			dependencies = (
			);
			name = LYHeadNews;
			productName = LYHeadNews;
			productReference = C65759D7219180F200F59542 /* LYHeadNews.app */;
			productType = "com.apple.product-type.application";
		};
/* End PBXNativeTarget section */

/* Begin PBXProject section */
		C65759CF219180F200F59542 /* Project object */ = {
			isa = PBXProject;
			attributes = {
				LastUpgradeCheck = 1000;
				ORGANIZATIONNAME = kosien;
				TargetAttributes = {
					C65759D6219180F200F59542 = {
						CreatedOnToolsVersion = 10.0;
					};
				};
			};
			buildConfigurationList = C65759D2219180F200F59542 /* Build configuration list for PBXProject "LYHeadNews" */;
			compatibilityVersion = "Xcode 9.3";
			developmentRegion = en;
			hasScannedForEncodings = 0;
			knownRegions = (
				en,
				Base,
			);
			mainGroup = C65759CE219180F100F59542;
			productRefGroup = C65759D8219180F200F59542 /* Products */;
			projectDirPath = "";
			projectRoot = "";
			targets = (
				C65759D6219180F200F59542 /* LYHeadNews */,
			);
		};
/* End PBXProject section */

/* Begin PBXResourcesBuildPhase section */
		C65759D5219180F200F59542 /* Resources */ = {
			isa = PBXResourcesBuildPhase;
			buildActionMask = 2147483647;
			files = (
				C6D95796219571EF009E2B0D /* mine_tabbar@3x.png in Resources */,
				C6D9579D219571EF009E2B0D /* video_tabbar_press_night@2x.png in Resources */,
				C6D9578D219571EF009E2B0D /* home_tabbar_night@2x.png in Resources */,
				C6D957B8219571EF009E2B0D /* mine_tabbar_night@3x.png in Resources */,
				C6D9579B219571EF009E2B0D /* home_tabbar@3x.png in Resources */,
				C6D957B9219571EF009E2B0D /* mine_tabbar_press_night@2x.png in Resources */,
				C6D957B6219571EF009E2B0D /* home_tabbar_press_night@2x.png in Resources */,
				C6D957A9219571EF009E2B0D /* video_tabbar_press@2x.png in Resources */,
				C6D957B2219571EF009E2B0D /* mine_tabbar_press_night@3x.png in Resources */,
				C65759E7219180F900F59542 /* LaunchScreen.storyboard in Resources */,
				C6D957A3219571EF009E2B0D /* weitoutiao_tabbar_press@2x.png in Resources */,
				C6D957A8219571EF009E2B0D /* video_tabbar_night@3x.png in Resources */,
				C6D957A7219571EF009E2B0D /* home_tabbar_loading@2x.png in Resources */,
				C6D957B3219571EF009E2B0D /* video_tabbar@2x.png in Resources */,
				C6D957AF219571EF009E2B0D /* video_tabbar_night@2x.png in Resources */,
				C683DD50219C1E33003BB087 /* back_white@2x.png in Resources */,
				C6D95798219571EF009E2B0D /* home_tabbar_night@3x.png in Resources */,
				C6D957B7219571EF009E2B0D /* video_tabbar@3x.png in Resources */,
				C6D957A4219571EF009E2B0D /* home_tabbar@2x.png in Resources */,
				C6D95797219571EF009E2B0D /* weitoutiao_tabbar@2x.png in Resources */,
				C6D957B1219571EF009E2B0D /* mine_tabbar_press@3x.png in Resources */,
				C6D957A5219571EF009E2B0D /* weitoutiao_tabbar_press_night@3x.png in Resources */,
				C6D957AE219571EF009E2B0D /* video_tabbar_press@3x.png in Resources */,
				C6D95790219571EF009E2B0D /* home_tabbar_press@3x.png in Resources */,
				C6D957AD219571EF009E2B0D /* no_login_tabbar@2x.png in Resources */,
				C6D95792219571EF009E2B0D /* huoshan_tabbar@2x.png in Resources */,
				C6D957A0219571EF009E2B0D /* no_login_tabbar_press@2x.png in Resources */,
				C6D957AC219571EF009E2B0D /* no_login_tabbar_press_night@2x.png in Resources */,
				C683DD58219C1E45003BB087 /* back_black@3x.png in Resources */,
				C6D95799219571EF009E2B0D /* no_login_tabbar_night@2x.png in Resources */,
				C6D957B0219571EF009E2B0D /* home_tabbar_loading@3x.png in Resources */,
				C6D957B5219571EF009E2B0D /* home_tabbar_press_night@3x.png in Resources */,
				C683DD55219C1E3F003BB087 /* back_gray@3x.png in Resources */,
				C6D95791219571EF009E2B0D /* huoshan_tabbar_press@3x.png in Resources */,
				C683DD59219C1E45003BB087 /* back_black@2x.png in Resources */,
				C6D957B4219571EF009E2B0D /* mine_tabbar_night@2x.png in Resources */,
				C6D957A2219571EF009E2B0D /* video_tabbar_press_night@3x.png in Resources */,
				C6D957A1219571EF009E2B0D /* weitoutiao_tabbar_night@3x.png in Resources */,
				C6D957AA219571EF009E2B0D /* no_login_tabbar@3x.png in Resources */,
				C6D95793219571EF009E2B0D /* huoshan_tabbar@3x.png in Resources */,
				C6D9579F219571EF009E2B0D /* no_login_tabbar_press@3x.png in Resources */,
				C6D957BA219571EF009E2B0D /* mine_tabbar_press@2x.png in Resources */,
				C6D9579C219571EF009E2B0D /* weitoutiao_tabbar_press@3x.png in Resources */,
				C683DD54219C1E3F003BB087 /* back_gray@2x.png in Resources */,
				C6D9578F219571EF009E2B0D /* mine_tabbar@2x.png in Resources */,
				C6D9579A219571EF009E2B0D /* weitoutiao_tabbar_press_night@2x.png in Resources */,
				C683DD51219C1E33003BB087 /* back_white@3x.png in Resources */,
				C65759E4219180F900F59542 /* Assets.xcassets in Resources */,
				C6D957A6219571EF009E2B0D /* no_login_tabbar_night@3x.png in Resources */,
				C6D95795219571EF009E2B0D /* home_tabbar_press@2x.png in Resources */,
				C6D9579E219571EF009E2B0D /* weitoutiao_tabbar_night@2x.png in Resources */,
				C6D9578E219571EF009E2B0D /* weitoutiao_tabbar@3x.png in Resources */,
				C6D95794219571EF009E2B0D /* huoshan_tabbar_press@2x.png in Resources */,
				C6D957AB219571EF009E2B0D /* no_login_tabbar_press_night@3x.png in Resources */,
			);
			runOnlyForDeploymentPostprocessing = 0;
		};
/* End PBXResourcesBuildPhase section */

/* Begin PBXShellScriptBuildPhase section */
		C2AA0946F6CAACC75D11BB97 /* [CP] Check Pods Manifest.lock */ = {
			isa = PBXShellScriptBuildPhase;
			buildActionMask = 2147483647;
			files = (
			);
			inputFileListPaths = (
			);
			inputPaths = (
				"${PODS_PODFILE_DIR_PATH}/Podfile.lock",
				"${PODS_ROOT}/Manifest.lock",
			);
			name = "[CP] Check Pods Manifest.lock";
			outputFileListPaths = (
			);
			outputPaths = (
				"$(DERIVED_FILE_DIR)/Pods-LYHeadNews-checkManifestLockResult.txt",
			);
			runOnlyForDeploymentPostprocessing = 0;
			shellPath = /bin/sh;
			shellScript = "diff \"${PODS_PODFILE_DIR_PATH}/Podfile.lock\" \"${PODS_ROOT}/Manifest.lock\" > /dev/null\nif [ $? != 0 ] ; then\n    # print error to STDERR\n    echo \"error: The sandbox is not in sync with the Podfile.lock. Run 'pod install' or update your CocoaPods installation.\" >&2\n    exit 1\nfi\n# This output is used by Xcode 'outputs' to avoid re-running this script phase.\necho \"SUCCESS\" > \"${SCRIPT_OUTPUT_FILE_0}\"\n";
			showEnvVarsInLog = 0;
		};
/* End PBXShellScriptBuildPhase section */

/* Begin PBXSourcesBuildPhase section */
		C65759D3219180F200F59542 /* Sources */ = {
			isa = PBXSourcesBuildPhase;
			buildActionMask = 2147483647;
			files = (
				C6D16DDC21942745005C3F68 /* BaseTabBarController.m in Sources */,
				C6D16DE721942A44005C3F68 /* BaseViewController.m in Sources */,
				C6D16DE421942A3F005C3F68 /* BaseNavigationController.m in Sources */,
				C643ECBD2196E35A007C060D /* UIView+Animation.m in Sources */,
				C643ECB421967A1B007C060D /* UITabBar+Badge.m in Sources */,
				C68FDA062192D12A00C90521 /* NSDateFormatter+Category.m in Sources */,
				C643ECB72196D873007C060D /* MelonVideoViewController.m in Sources */,
				C65759EA219180F900F59542 /* main.m in Sources */,
				C65759F4219199D100F59542 /* AppDelegate+RootController.m in Sources */,
				C6D16DF021942BD1005C3F68 /* HeadNewsViewController.m in Sources */,
				C6D16DF3219433D1005C3F68 /* LittleVideoViewController.m in Sources */,
				C683DD4C219BC22F003BB087 /* SecondViewController.m in Sources */,
				C68FDA042192D12A00C90521 /* Tools.m in Sources */,
				C68FDA052192D12A00C90521 /* UIView+LYExtension.m in Sources */,
				C683DD5C219C2888003BB087 /* ThirdViewController.m in Sources */,
				C65759DC219180F200F59542 /* AppDelegate.m in Sources */,
				C68FDA032192D12A00C90521 /* NSString+Valid.m in Sources */,
				C6D16DEA21942AAC005C3F68 /* HomeViewController.m in Sources */,
			);
			runOnlyForDeploymentPostprocessing = 0;
		};
/* End PBXSourcesBuildPhase section */

/* Begin PBXVariantGroup section */
		C65759E5219180F900F59542 /* LaunchScreen.storyboard */ = {
			isa = PBXVariantGroup;
			children = (
				C65759E6219180F900F59542 /* Base */,
			);
			name = LaunchScreen.storyboard;
			sourceTree = "<group>";
		};
/* End PBXVariantGroup section */

/* Begin XCBuildConfiguration section */
		C65759EB219180F900F59542 /* Debug */ = {
			isa = XCBuildConfiguration;
			buildSettings = {
				ALWAYS_SEARCH_USER_PATHS = NO;
				CLANG_ANALYZER_NONNULL = YES;
				CLANG_ANALYZER_NUMBER_OBJECT_CONVERSION = YES_AGGRESSIVE;
				CLANG_CXX_LANGUAGE_STANDARD = "gnu++14";
				CLANG_CXX_LIBRARY = "libc++";
				CLANG_ENABLE_MODULES = YES;
				CLANG_ENABLE_OBJC_ARC = YES;
				CLANG_ENABLE_OBJC_WEAK = YES;
				CLANG_WARN_BLOCK_CAPTURE_AUTORELEASING = YES;
				CLANG_WARN_BOOL_CONVERSION = YES;
				CLANG_WARN_COMMA = YES;
				CLANG_WARN_CONSTANT_CONVERSION = YES;
				CLANG_WARN_DEPRECATED_OBJC_IMPLEMENTATIONS = YES;
				CLANG_WARN_DIRECT_OBJC_ISA_USAGE = YES_ERROR;
				CLANG_WARN_DOCUMENTATION_COMMENTS = YES;
				CLANG_WARN_EMPTY_BODY = YES;
				CLANG_WARN_ENUM_CONVERSION = YES;
				CLANG_WARN_INFINITE_RECURSION = YES;
				CLANG_WARN_INT_CONVERSION = YES;
				CLANG_WARN_NON_LITERAL_NULL_CONVERSION = YES;
				CLANG_WARN_OBJC_IMPLICIT_RETAIN_SELF = YES;
				CLANG_WARN_OBJC_LITERAL_CONVERSION = YES;
				CLANG_WARN_OBJC_ROOT_CLASS = YES_ERROR;
				CLANG_WARN_RANGE_LOOP_ANALYSIS = YES;
				CLANG_WARN_STRICT_PROTOTYPES = YES;
				CLANG_WARN_SUSPICIOUS_MOVE = YES;
				CLANG_WARN_UNGUARDED_AVAILABILITY = YES_AGGRESSIVE;
				CLANG_WARN_UNREACHABLE_CODE = YES;
				CLANG_WARN__DUPLICATE_METHOD_MATCH = YES;
				CODE_SIGN_IDENTITY = "iPhone Developer";
				COPY_PHASE_STRIP = NO;
				DEBUG_INFORMATION_FORMAT = dwarf;
				ENABLE_STRICT_OBJC_MSGSEND = YES;
				ENABLE_TESTABILITY = YES;
				GCC_C_LANGUAGE_STANDARD = gnu11;
				GCC_DYNAMIC_NO_PIC = NO;
				GCC_NO_COMMON_BLOCKS = YES;
				GCC_OPTIMIZATION_LEVEL = 0;
				GCC_PREPROCESSOR_DEFINITIONS = (
					"DEBUG=1",
					"$(inherited)",
				);
				GCC_WARN_64_TO_32_BIT_CONVERSION = YES;
				GCC_WARN_ABOUT_RETURN_TYPE = YES_ERROR;
				GCC_WARN_UNDECLARED_SELECTOR = YES;
				GCC_WARN_UNINITIALIZED_AUTOS = YES_AGGRESSIVE;
				GCC_WARN_UNUSED_FUNCTION = YES;
				GCC_WARN_UNUSED_VARIABLE = YES;
				IPHONEOS_DEPLOYMENT_TARGET = 12.0;
				MTL_ENABLE_DEBUG_INFO = INCLUDE_SOURCE;
				MTL_FAST_MATH = YES;
				ONLY_ACTIVE_ARCH = YES;
				SDKROOT = iphoneos;
			};
			name = Debug;
		};
		C65759EC219180F900F59542 /* Release */ = {
			isa = XCBuildConfiguration;
			buildSettings = {
				ALWAYS_SEARCH_USER_PATHS = NO;
				CLANG_ANALYZER_NONNULL = YES;
				CLANG_ANALYZER_NUMBER_OBJECT_CONVERSION = YES_AGGRESSIVE;
				CLANG_CXX_LANGUAGE_STANDARD = "gnu++14";
				CLANG_CXX_LIBRARY = "libc++";
				CLANG_ENABLE_MODULES = YES;
				CLANG_ENABLE_OBJC_ARC = YES;
				CLANG_ENABLE_OBJC_WEAK = YES;
				CLANG_WARN_BLOCK_CAPTURE_AUTORELEASING = YES;
				CLANG_WARN_BOOL_CONVERSION = YES;
				CLANG_WARN_COMMA = YES;
				CLANG_WARN_CONSTANT_CONVERSION = YES;
				CLANG_WARN_DEPRECATED_OBJC_IMPLEMENTATIONS = YES;
				CLANG_WARN_DIRECT_OBJC_ISA_USAGE = YES_ERROR;
				CLANG_WARN_DOCUMENTATION_COMMENTS = YES;
				CLANG_WARN_EMPTY_BODY = YES;
				CLANG_WARN_ENUM_CONVERSION = YES;
				CLANG_WARN_INFINITE_RECURSION = YES;
				CLANG_WARN_INT_CONVERSION = YES;
				CLANG_WARN_NON_LITERAL_NULL_CONVERSION = YES;
				CLANG_WARN_OBJC_IMPLICIT_RETAIN_SELF = YES;
				CLANG_WARN_OBJC_LITERAL_CONVERSION = YES;
				CLANG_WARN_OBJC_ROOT_CLASS = YES_ERROR;
				CLANG_WARN_RANGE_LOOP_ANALYSIS = YES;
				CLANG_WARN_STRICT_PROTOTYPES = YES;
				CLANG_WARN_SUSPICIOUS_MOVE = YES;
				CLANG_WARN_UNGUARDED_AVAILABILITY = YES_AGGRESSIVE;
				CLANG_WARN_UNREACHABLE_CODE = YES;
				CLANG_WARN__DUPLICATE_METHOD_MATCH = YES;
				CODE_SIGN_IDENTITY = "iPhone Developer";
				COPY_PHASE_STRIP = NO;
				DEBUG_INFORMATION_FORMAT = "dwarf-with-dsym";
				ENABLE_NS_ASSERTIONS = NO;
				ENABLE_STRICT_OBJC_MSGSEND = YES;
				GCC_C_LANGUAGE_STANDARD = gnu11;
				GCC_NO_COMMON_BLOCKS = YES;
				GCC_WARN_64_TO_32_BIT_CONVERSION = YES;
				GCC_WARN_ABOUT_RETURN_TYPE = YES_ERROR;
				GCC_WARN_UNDECLARED_SELECTOR = YES;
				GCC_WARN_UNINITIALIZED_AUTOS = YES_AGGRESSIVE;
				GCC_WARN_UNUSED_FUNCTION = YES;
				GCC_WARN_UNUSED_VARIABLE = YES;
				IPHONEOS_DEPLOYMENT_TARGET = 12.0;
				MTL_ENABLE_DEBUG_INFO = NO;
				MTL_FAST_MATH = YES;
				SDKROOT = iphoneos;
				VALIDATE_PRODUCT = YES;
			};
			name = Release;
		};
		C65759EE219180F900F59542 /* Debug */ = {
			isa = XCBuildConfiguration;
			baseConfigurationReference = E65EFC5831ED3034C7B60973 /* Pods-LYHeadNews.debug.xcconfig */;
			buildSettings = {
				ASSETCATALOG_COMPILER_APPICON_NAME = AppIcon;
				ASSETCATALOG_COMPILER_LAUNCHIMAGE_NAME = LaunchImage;
				CODE_SIGN_IDENTITY = "iPhone Developer";
				CODE_SIGN_STYLE = Automatic;
				DEVELOPMENT_TEAM = ZE26F429EL;
				GCC_PREFIX_HEADER = "$(SRCROOT)/LYHeadNews/LYHeadNews.pch";
				INFOPLIST_FILE = LYHeadNews/Info.plist;
				IPHONEOS_DEPLOYMENT_TARGET = 8.0;
				LD_RUNPATH_SEARCH_PATHS = (
					"$(inherited)",
					"@executable_path/Frameworks",
				);
				PRODUCT_BUNDLE_IDENTIFIER = com.kosien.LYHeadNews;
				PRODUCT_NAME = "$(TARGET_NAME)";
				PROVISIONING_PROFILE_SPECIFIER = "";
				TARGETED_DEVICE_FAMILY = "1,2";
			};
			name = Debug;
		};
		C65759EF219180F900F59542 /* Release */ = {
			isa = XCBuildConfiguration;
			baseConfigurationReference = AFFDF0BCD8B3271772D5A447 /* Pods-LYHeadNews.release.xcconfig */;
			buildSettings = {
				ASSETCATALOG_COMPILER_APPICON_NAME = AppIcon;
				ASSETCATALOG_COMPILER_LAUNCHIMAGE_NAME = LaunchImage;
				CODE_SIGN_IDENTITY = "iPhone Developer";
				CODE_SIGN_STYLE = Automatic;
				DEVELOPMENT_TEAM = ZE26F429EL;
				GCC_PREFIX_HEADER = "$(SRCROOT)/LYHeadNews/LYHeadNews.pch";
				INFOPLIST_FILE = LYHeadNews/Info.plist;
				IPHONEOS_DEPLOYMENT_TARGET = 8.0;
				LD_RUNPATH_SEARCH_PATHS = (
					"$(inherited)",
					"@executable_path/Frameworks",
				);
				PRODUCT_BUNDLE_IDENTIFIER = com.kosien.LYHeadNews;
				PRODUCT_NAME = "$(TARGET_NAME)";
				PROVISIONING_PROFILE_SPECIFIER = "";
				TARGETED_DEVICE_FAMILY = "1,2";
			};
			name = Release;
		};
/* End XCBuildConfiguration section */

/* Begin XCConfigurationList section */
		C65759D2219180F200F59542 /* Build configuration list for PBXProject "LYHeadNews" */ = {
			isa = XCConfigurationList;
			buildConfigurations = (
				C65759EB219180F900F59542 /* Debug */,
				C65759EC219180F900F59542 /* Release */,
			);
			defaultConfigurationIsVisible = 0;
			defaultConfigurationName = Release;
		};
		C65759ED219180F900F59542 /* Build configuration list for PBXNativeTarget "LYHeadNews" */ = {
			isa = XCConfigurationList;
			buildConfigurations = (
				C65759EE219180F900F59542 /* Debug */,
				C65759EF219180F900F59542 /* Release */,
			);
			defaultConfigurationIsVisible = 0;
			defaultConfigurationName = Release;
		};
/* End XCConfigurationList section */
	};
	rootObject = C65759CF219180F200F59542 /* Project object */;
}
